
Microsoft Visual Studio Solution File, Format Version 12.00
# Visual Studio Version 17
VisualStudioVersion = 17.3.32804.467
MinimumVisualStudioVersion = 10.0.40219.1
Project("{FAE04EC0-301F-11D3-BF4B-00C04F79EFBC}") = "ZavrsniProjekt.Android", "ZavrsniProjekt\ZavrsniProjekt.Android\ZavrsniProjekt.Android.csproj", "{5BC1CBC9-353B-4657-9050-3685A0FDF6BE}"
EndProject
Project("{FAE04EC0-301F-11D3-BF4B-00C04F79EFBC}") = "ZavrsniProjekt", "ZavrsniProjekt\ZavrsniProjekt\ZavrsniProjekt.csproj", "{4713D1BD-B4AF-4F62-83C8-93E853E177B9}"
EndProject
Global
	GlobalSection(SolutionConfigurationPlatforms) = preSolution
		Debug|Any CPU = Debug|Any CPU
		Release|Any CPU = Release|Any CPU
	EndGlobalSection
	GlobalSection(ProjectConfigurationPlatforms) = postSolution
		{5BC1CBC9-353B-4657-9050-3685A0FDF6BE}.Debug|Any CPU.ActiveCfg = Debug|Any CPU
		{5BC1CBC9-353B-4657-9050-3685A0FDF6BE}.Debug|Any CPU.Build.0 = Debug|Any CPU
		{5BC1CBC9-353B-4657-9050-3685A0FDF6BE}.Debug|Any CPU.Deploy.0 = Debug|Any CPU
		{5BC1CBC9-353B-4657-9050-3685A0FDF6BE}.Release|Any CPU.ActiveCfg = Release|Any CPU
		{5BC1CBC9-353B-4657-9050-3685A0FDF6BE}.Release|Any CPU.Build.0 = Release|Any CPU
		{5BC1CBC9-353B-4657-9050-3685A0FDF6BE}.Release|Any CPU.Deploy.0 = Release|Any CPU
		{4713D1BD-B4AF-4F62-83C8-93E853E177B9}.Debug|Any CPU.ActiveCfg = Debug|Any CPU
		{4713D1BD-B4AF-4F62-83C8-93E853E177B9}.Debug|Any CPU.Build.0 = Debug|Any CPU
		{4713D1BD-B4AF-4F62-83C8-93E853E177B9}.Debug|Any CPU.Deploy.0 = Debug|Any CPU
		{4713D1BD-B4AF-4F62-83C8-93E853E177B9}.Release|Any CPU.ActiveCfg = Release|Any CPU
		{4713D1BD-B4AF-4F62-83C8-93E853E177B9}.Release|Any CPU.Build.0 = Release|Any CPU
		{4713D1BD-B4AF-4F62-83C8-93E853E177B9}.Release|Any CPU.Deploy.0 = Release|Any CPU
	EndGlobalSection
	GlobalSection(SolutionProperties) = preSolution
		HideSolutionNode = FALSE
	EndGlobalSection
	GlobalSection(ExtensibilityGlobals) = postSolution
		SolutionGuid = {2427F477-9B91-46FD-9208-0921D1DFAB93}
	EndGlobalSection
EndGlobal
